
Microsoft Visual Studio Solution File, Format Version 12.00
# Visual Studio Version 16
VisualStudioVersion = 16.0.31624.102
MinimumVisualStudioVersion = 10.0.40219.1
Project("{FAE04EC0-301F-11D3-BF4B-00C04F79EFBC}") = "BlazorEmployee.Server", "BlazorEmployee\Server\BlazorEmployee.Server.csproj", "{A2665395-083B-4DE5-B623-9C01DAAF83E7}"
EndProject
Project("{FAE04EC0-301F-11D3-BF4B-00C04F79EFBC}") = "BlazorEmployee.Client", "BlazorEmployee\Client\BlazorEmployee.Client.csproj", "{6E3FB5F3-F969-4A65-87B3-2C4A66A1F71F}"
EndProject
Project("{FAE04EC0-301F-11D3-BF4B-00C04F79EFBC}") = "BlazorEmployee.Shared", "BlazorEmployee\Shared\BlazorEmployee.Shared.csproj", "{769EA5C6-F4CC-4288-8E4A-458EFBAF40BF}"
EndProject
Global
	GlobalSection(SolutionConfigurationPlatforms) = preSolution
		Debug|Any CPU = Debug|Any CPU
		Release|Any CPU = Release|Any CPU
	EndGlobalSection
	GlobalSection(ProjectConfigurationPlatforms) = postSolution
		{A2665395-083B-4DE5-B623-9C01DAAF83E7}.Debug|Any CPU.ActiveCfg = Debug|Any CPU
		{A2665395-083B-4DE5-B623-9C01DAAF83E7}.Debug|Any CPU.Build.0 = Debug|Any CPU
		{A2665395-083B-4DE5-B623-9C01DAAF83E7}.Release|Any CPU.ActiveCfg = Release|Any CPU
		{A2665395-083B-4DE5-B623-9C01DAAF83E7}.Release|Any CPU.Build.0 = Release|Any CPU
		{6E3FB5F3-F969-4A65-87B3-2C4A66A1F71F}.Debug|Any CPU.ActiveCfg = Debug|Any CPU
		{6E3FB5F3-F969-4A65-87B3-2C4A66A1F71F}.Debug|Any CPU.Build.0 = Debug|Any CPU
		{6E3FB5F3-F969-4A65-87B3-2C4A66A1F71F}.Release|Any CPU.ActiveCfg = Release|Any CPU
		{6E3FB5F3-F969-4A65-87B3-2C4A66A1F71F}.Release|Any CPU.Build.0 = Release|Any CPU
		{769EA5C6-F4CC-4288-8E4A-458EFBAF40BF}.Debug|Any CPU.ActiveCfg = Debug|Any CPU
		{769EA5C6-F4CC-4288-8E4A-458EFBAF40BF}.Debug|Any CPU.Build.0 = Debug|Any CPU
		{769EA5C6-F4CC-4288-8E4A-458EFBAF40BF}.Release|Any CPU.ActiveCfg = Release|Any CPU
		{769EA5C6-F4CC-4288-8E4A-458EFBAF40BF}.Release|Any CPU.Build.0 = Release|Any CPU
	EndGlobalSection
	GlobalSection(SolutionProperties) = preSolution
		HideSolutionNode = FALSE
	EndGlobalSection
	GlobalSection(ExtensibilityGlobals) = postSolution
		SolutionGuid = {A2B0D75D-F7AE-4BA6-AFAC-9DDFF4E59102}
	EndGlobalSection
EndGlobal
